
Microsoft Visual Studio Solution File, Format Version 12.00
# Visual Studio 15
VisualStudioVersion = 15.0.28010.2036
MinimumVisualStudioVersion = 10.0.40219.1
Project("{FAE04EC0-301F-11D3-BF4B-00C04F79EFBC}") = "Scraper", "Scraper\Scraper.csproj", "{B54BFB42-C3F7-4975-BD7C-E21494C52513}"
EndProject
Project("{FAE04EC0-301F-11D3-BF4B-00C04F79EFBC}") = "Scraper.web", "Scraper.web\Scraper.web.csproj", "{CD6878F6-5B05-4A02-AD16-8DA0201B826E}"
EndProject
Project("{FAE04EC0-301F-11D3-BF4B-00C04F79EFBC}") = "Entities", "Entities\Entities.csproj", "{185B382F-D585-41BA-A44E-9FF9F004DCC7}"
EndProject
Global
	GlobalSection(SolutionConfigurationPlatforms) = preSolution
		Debug|Any CPU = Debug|Any CPU
		Release|Any CPU = Release|Any CPU
	EndGlobalSection
	GlobalSection(ProjectConfigurationPlatforms) = postSolution
		{B54BFB42-C3F7-4975-BD7C-E21494C52513}.Debug|Any CPU.ActiveCfg = Debug|Any CPU
		{B54BFB42-C3F7-4975-BD7C-E21494C52513}.Debug|Any CPU.Build.0 = Debug|Any CPU
		{B54BFB42-C3F7-4975-BD7C-E21494C52513}.Release|Any CPU.ActiveCfg = Release|Any CPU
		{B54BFB42-C3F7-4975-BD7C-E21494C52513}.Release|Any CPU.Build.0 = Release|Any CPU
		{CD6878F6-5B05-4A02-AD16-8DA0201B826E}.Debug|Any CPU.ActiveCfg = Debug|Any CPU
		{CD6878F6-5B05-4A02-AD16-8DA0201B826E}.Debug|Any CPU.Build.0 = Debug|Any CPU
		{CD6878F6-5B05-4A02-AD16-8DA0201B826E}.Release|Any CPU.ActiveCfg = Release|Any CPU
		{CD6878F6-5B05-4A02-AD16-8DA0201B826E}.Release|Any CPU.Build.0 = Release|Any CPU
		{185B382F-D585-41BA-A44E-9FF9F004DCC7}.Debug|Any CPU.ActiveCfg = Debug|Any CPU
		{185B382F-D585-41BA-A44E-9FF9F004DCC7}.Debug|Any CPU.Build.0 = Debug|Any CPU
		{185B382F-D585-41BA-A44E-9FF9F004DCC7}.Release|Any CPU.ActiveCfg = Release|Any CPU
		{185B382F-D585-41BA-A44E-9FF9F004DCC7}.Release|Any CPU.Build.0 = Release|Any CPU
	EndGlobalSection
	GlobalSection(SolutionProperties) = preSolution
		HideSolutionNode = FALSE
	EndGlobalSection
	GlobalSection(ExtensibilityGlobals) = postSolution
		SolutionGuid = {3474551B-22A5-47E0-BB78-81893DBCF5A6}
	EndGlobalSection
EndGlobal
